{
  "version": 4,
  "terraform_version": "1.5.7",
  "serial": 962,
  "lineage": "bcc311a4-1048-16ff-4925-7513f24106c7",
  "outputs": {},
  "resources": [
    {
      "module": "module.allow_eks_access_iam_policy",
      "mode": "managed",
      "type": "aws_iam_policy",
      "name": "policy",
      "provider": "provider[\"registry.terraform.io/hashicorp/aws\"]",
      "instances": [
        {
          "index_key": 0,
          "schema_version": 0,
          "attributes": {
            "arn": "arn:aws:iam::678554781153:policy/allow-eks-access",
            "description": "IAM Policy",
            "id": "arn:aws:iam::678554781153:policy/allow-eks-access",
            "name": "allow-eks-access",
            "name_prefix": "",
            "path": "/",
            "policy": "{\"Statement\":[{\"Action\":[\"eks:DescribeCluster\"],\"Effect\":\"Allow\",\"Resource\":\"*\"}],\"Version\":\"2012-10-17\"}",
            "policy_id": "ANPAZ37IEIXQUZWZ4LWLN",
            "tags": {},
            "tags_all": {}
          },
          "sensitive_attributes": [],
          "private": "bnVsbA=="
        }
      ]
    }
  ],
  "check_results": null
}
